
Microsoft Visual Studio Solution File, Format Version 11.00
# Visual Studio 2010
Project("{FAE04EC0-301F-11D3-BF4B-00C04F79EFBC}") = "Saving Data", "Assembly-CSharp-firstpass.csproj", "{D53BB535-2EA9-AA20-88B0-6DCA298F6157}"
EndProject
Project("{FAE04EC0-301F-11D3-BF4B-00C04F79EFBC}") = "Saving Data", "Assembly-CSharp.csproj", "{679B1859-1D6F-1D04-AD74-F424F915A870}"
EndProject
Project("{FAE04EC0-301F-11D3-BF4B-00C04F79EFBC}") = "Saving Data", "Assembly-CSharp-Editor-firstpass.csproj", "{16378764-0F3D-4D8C-CCD6-AB0583C1741C}"
EndProject
Global
	GlobalSection(SolutionConfigurationPlatforms) = preSolution
		Debug|Any CPU = Debug|Any CPU
		Release|Any CPU = Release|Any CPU
	EndGlobalSection
	GlobalSection(ProjectConfigurationPlatforms) = postSolution
		{D53BB535-2EA9-AA20-88B0-6DCA298F6157}.Debug|Any CPU.ActiveCfg = Debug|Any CPU
		{D53BB535-2EA9-AA20-88B0-6DCA298F6157}.Debug|Any CPU.Build.0 = Debug|Any CPU
		{D53BB535-2EA9-AA20-88B0-6DCA298F6157}.Release|Any CPU.ActiveCfg = Release|Any CPU
		{D53BB535-2EA9-AA20-88B0-6DCA298F6157}.Release|Any CPU.Build.0 = Release|Any CPU
		{679B1859-1D6F-1D04-AD74-F424F915A870}.Debug|Any CPU.ActiveCfg = Debug|Any CPU
		{679B1859-1D6F-1D04-AD74-F424F915A870}.Debug|Any CPU.Build.0 = Debug|Any CPU
		{679B1859-1D6F-1D04-AD74-F424F915A870}.Release|Any CPU.ActiveCfg = Release|Any CPU
		{679B1859-1D6F-1D04-AD74-F424F915A870}.Release|Any CPU.Build.0 = Release|Any CPU
		{16378764-0F3D-4D8C-CCD6-AB0583C1741C}.Debug|Any CPU.ActiveCfg = Debug|Any CPU
		{16378764-0F3D-4D8C-CCD6-AB0583C1741C}.Debug|Any CPU.Build.0 = Debug|Any CPU
		{16378764-0F3D-4D8C-CCD6-AB0583C1741C}.Release|Any CPU.ActiveCfg = Release|Any CPU
		{16378764-0F3D-4D8C-CCD6-AB0583C1741C}.Release|Any CPU.Build.0 = Release|Any CPU
	EndGlobalSection
	GlobalSection(SolutionProperties) = preSolution
		HideSolutionNode = FALSE
	EndGlobalSection
	GlobalSection(MonoDevelopProperties) = preSolution
		StartupItem = Assembly-CSharp.csproj
	EndGlobalSection
EndGlobal
